PODS:
  - Alamofire (4.4.0)
  - SCLAlertView (0.7.0)
  - SwiftyJSON (3.1.4)

DEPENDENCIES:
  - Alamofire
  - SCLAlertView
  - SwiftyJSON

SPEC CHECKSUMS:
  Alamofire: dc44b1600b800eb63da6a19039a0083d62a6a62d
  SCLAlertView: 8a14ffc40590c619e183eed2298b854385f30be1
  SwiftyJSON: c2842d878f95482ffceec5709abc3d05680c0220

PODFILE CHECKSUM: 913af7348aa4387c366d254fbc4a72db39181250

COCOAPODS: 1.2.0
